
Microsoft Visual Studio Solution File, Format Version 12.00
# Visual Studio 2013
VisualStudioVersion = 12.0.31101.0
MinimumVisualStudioVersion = 10.0.40219.1
Project("{FAE04EC0-301F-11D3-BF4B-00C04F79EFBC}") = "Autosomal DNA Converter", "Autosomal DNA Converter.csproj", "{F3288D84-A4C0-4B2B-AA84-4FFDB5209E51}"
EndProject
Global
	GlobalSection(SolutionConfigurationPlatforms) = preSolution
		Debug|Any CPU = Debug|Any CPU
		Debug|x86 = Debug|x86
		Release|Any CPU = Release|Any CPU
		Release|x86 = Release|x86
	EndGlobalSection
	GlobalSection(ProjectConfigurationPlatforms) = postSolution
		{F3288D84-A4C0-4B2B-AA84-4FFDB5209E51}.Debug|Any CPU.ActiveCfg = Debug|Any CPU
		{F3288D84-A4C0-4B2B-AA84-4FFDB5209E51}.Debug|Any CPU.Build.0 = Debug|Any CPU
		{F3288D84-A4C0-4B2B-AA84-4FFDB5209E51}.Debug|x86.ActiveCfg = Release|x86
		{F3288D84-A4C0-4B2B-AA84-4FFDB5209E51}.Debug|x86.Build.0 = Release|x86
		{F3288D84-A4C0-4B2B-AA84-4FFDB5209E51}.Release|Any CPU.ActiveCfg = Release|Any CPU
		{F3288D84-A4C0-4B2B-AA84-4FFDB5209E51}.Release|Any CPU.Build.0 = Release|Any CPU
		{F3288D84-A4C0-4B2B-AA84-4FFDB5209E51}.Release|x86.ActiveCfg = Release|x86
		{F3288D84-A4C0-4B2B-AA84-4FFDB5209E51}.Release|x86.Build.0 = Release|x86
	EndGlobalSection
	GlobalSection(SolutionProperties) = preSolution
		HideSolutionNode = FALSE
	EndGlobalSection
EndGlobal
